
Microsoft Visual Studio Solution File, Format Version 12.00
# Visual Studio 14
VisualStudioVersion = 14.0.25420.1
MinimumVisualStudioVersion = 10.0.40219.1
Project("{FAE04EC0-301F-11D3-BF4B-00C04F79EFBC}") = "Shop", "Shop\Shop.csproj", "{3C9A3C63-3007-4F7F-A402-A0C500C4AB49}"
EndProject
Project("{FAE04EC0-301F-11D3-BF4B-00C04F79EFBC}") = "Shop.NUnitTests", "Shop.NUnitTests\Shop.NUnitTests.csproj", "{223733F6-2ED3-4D16-89B6-78AF371AB20B}"
EndProject
Global
	GlobalSection(SolutionConfigurationPlatforms) = preSolution
		Debug|Any CPU = Debug|Any CPU
		Release|Any CPU = Release|Any CPU
	EndGlobalSection
	GlobalSection(ProjectConfigurationPlatforms) = postSolution
		{3C9A3C63-3007-4F7F-A402-A0C500C4AB49}.Debug|Any CPU.ActiveCfg = Debug|Any CPU
		{3C9A3C63-3007-4F7F-A402-A0C500C4AB49}.Debug|Any CPU.Build.0 = Debug|Any CPU
		{3C9A3C63-3007-4F7F-A402-A0C500C4AB49}.Release|Any CPU.ActiveCfg = Release|Any CPU
		{3C9A3C63-3007-4F7F-A402-A0C500C4AB49}.Release|Any CPU.Build.0 = Release|Any CPU
		{223733F6-2ED3-4D16-89B6-78AF371AB20B}.Debug|Any CPU.ActiveCfg = Debug|Any CPU
		{223733F6-2ED3-4D16-89B6-78AF371AB20B}.Debug|Any CPU.Build.0 = Debug|Any CPU
		{223733F6-2ED3-4D16-89B6-78AF371AB20B}.Release|Any CPU.ActiveCfg = Release|Any CPU
		{223733F6-2ED3-4D16-89B6-78AF371AB20B}.Release|Any CPU.Build.0 = Release|Any CPU
	EndGlobalSection
	GlobalSection(SolutionProperties) = preSolution
		HideSolutionNode = FALSE
	EndGlobalSection
EndGlobal
