
Microsoft Visual Studio Solution File, Format Version 12.00
# Visual Studio 14
VisualStudioVersion = 14.0.25420.1
MinimumVisualStudioVersion = 10.0.40219.1
Project("{FAE04EC0-301F-11D3-BF4B-00C04F79EFBC}") = "ThreadPoolTester", "ThreadPoolTester\ThreadPoolTester.csproj", "{39F18EEA-663E-491F-9859-4D5F97D00D0D}"
EndProject
Project("{FAE04EC0-301F-11D3-BF4B-00C04F79EFBC}") = "FixedThreadPool", "..\FixedThreadPool\FixedThreadPool\FixedThreadPool.csproj", "{10E2B939-6FF8-4AB1-BD46-17C151C7A6D5}"
EndProject
Global
	GlobalSection(SolutionConfigurationPlatforms) = preSolution
		Debug|Any CPU = Debug|Any CPU
		Release|Any CPU = Release|Any CPU
	EndGlobalSection
	GlobalSection(ProjectConfigurationPlatforms) = postSolution
		{39F18EEA-663E-491F-9859-4D5F97D00D0D}.Debug|Any CPU.ActiveCfg = Debug|Any CPU
		{39F18EEA-663E-491F-9859-4D5F97D00D0D}.Debug|Any CPU.Build.0 = Debug|Any CPU
		{39F18EEA-663E-491F-9859-4D5F97D00D0D}.Release|Any CPU.ActiveCfg = Release|Any CPU
		{39F18EEA-663E-491F-9859-4D5F97D00D0D}.Release|Any CPU.Build.0 = Release|Any CPU
		{10E2B939-6FF8-4AB1-BD46-17C151C7A6D5}.Debug|Any CPU.ActiveCfg = Debug|Any CPU
		{10E2B939-6FF8-4AB1-BD46-17C151C7A6D5}.Debug|Any CPU.Build.0 = Debug|Any CPU
		{10E2B939-6FF8-4AB1-BD46-17C151C7A6D5}.Release|Any CPU.ActiveCfg = Release|Any CPU
		{10E2B939-6FF8-4AB1-BD46-17C151C7A6D5}.Release|Any CPU.Build.0 = Release|Any CPU
	EndGlobalSection
	GlobalSection(SolutionProperties) = preSolution
		HideSolutionNode = FALSE
	EndGlobalSection
EndGlobal
